hash: f96cc502e8da03f232c90f15c3d48e6dfcd230b20a3b2368ea4a81ace6e38f8c
updated: 2016-10-14T02:13:50.754410293+09:00
imports:
- name: github.com/cloudfoundry-community/go-cfenv
  version: c567d77dab8551bc4077e68e5a04415f1d74a911
- name: github.com/mitchellh/mapstructure
  version: a6ef2f080c66d0a2e94e97cf74f80f772855da63
- name: github.com/robfig/cron
  version: 9585fd555638e77bba25f25db5c44b41f264aeb7
devImports: []
